
Microsoft Visual Studio Solution File, Format Version 12.00
# Visual Studio Version 17
VisualStudioVersion = 17.5.2.0
MinimumVisualStudioVersion = 10.0.40219.1
Project("{FAE04EC0-301F-11D3-BF4B-00C04F79EFBC}") = "SnowShotApi", "src\SnowShotApi\SnowShotApi.csproj", "{65ECB48A-1B2F-F4D6-C7E2-A67EBF2C764A}"
EndProject
Project("{FAE04EC0-301F-11D3-BF4B-00C04F79EFBC}") = "SnowShot.Infrastructure", "src\SnowShot.Infrastructure\SnowShot.Infrastructure.csproj", "{CDF11C00-C454-4C12-81AF-B84FF40C79F7}"
EndProject
Project("{FAE04EC0-301F-11D3-BF4B-00C04F79EFBC}") = "SnowShotApi.Tests", "tests\SnowShotApi.Tests\SnowShotApi.Tests.csproj", "{2D1D794E-1AE4-4262-A650-E8AE3028E2D1}"
EndProject
Project("{2150E333-8FDC-42A3-9474-1A3956D46DE8}") = "src", "src", "{827E0CD3-B72D-47B6-A68D-7590B98EB39B}"
EndProject
Project("{FAE04EC0-301F-11D3-BF4B-00C04F79EFBC}") = "SnowShot.DatabaseMigrator", "src\SnowShot.DatabaseMigrator\SnowShot.DatabaseMigrator.csproj", "{C2CD1008-4026-40D2-9C2A-068FEDAEECE2}"
EndProject
Project("{FAE04EC0-301F-11D3-BF4B-00C04F79EFBC}") = "SnowShot.Contracts", "src\SnowShot.Contracts\SnowShot.Contracts.csproj", "{535C4425-0B88-4275-A4C5-F5BB1E676D11}"
EndProject
Project("{FAE04EC0-301F-11D3-BF4B-00C04F79EFBC}") = "SnowShot.Domain", "src\SnowShot.Domain\SnowShot.Domain.csproj", "{76EC41D8-1307-42D5-B8FC-EFBD945754A4}"
EndProject
Project("{FAE04EC0-301F-11D3-BF4B-00C04F79EFBC}") = "SnowShot.Application", "src\SnowShot.Application\SnowShot.Application.csproj", "{F4101F22-CCB9-4C6D-BA66-DA49D75C9D84}"
EndProject
Project("{FAE04EC0-301F-11D3-BF4B-00C04F79EFBC}") = "SnowShot.ApiAdapter", "src\SnowShot.ApiAdapter\SnowShot.ApiAdapter.csproj", "{EEFBC508-EEE3-4946-9740-E6D3CA466906}"
EndProject
Global
	GlobalSection(SolutionConfigurationPlatforms) = preSolution
		Debug|Any CPU = Debug|Any CPU
		Debug|x64 = Debug|x64
		Debug|x86 = Debug|x86
		Release|Any CPU = Release|Any CPU
		Release|x64 = Release|x64
		Release|x86 = Release|x86
	EndGlobalSection
	GlobalSection(ProjectConfigurationPlatforms) = postSolution
		{65ECB48A-1B2F-F4D6-C7E2-A67EBF2C764A}.Debug|Any CPU.ActiveCfg = Debug|Any CPU
		{65ECB48A-1B2F-F4D6-C7E2-A67EBF2C764A}.Debug|Any CPU.Build.0 = Debug|Any CPU
		{65ECB48A-1B2F-F4D6-C7E2-A67EBF2C764A}.Debug|x64.ActiveCfg = Debug|Any CPU
		{65ECB48A-1B2F-F4D6-C7E2-A67EBF2C764A}.Debug|x64.Build.0 = Debug|Any CPU
		{65ECB48A-1B2F-F4D6-C7E2-A67EBF2C764A}.Debug|x86.ActiveCfg = Debug|Any CPU
		{65ECB48A-1B2F-F4D6-C7E2-A67EBF2C764A}.Debug|x86.Build.0 = Debug|Any CPU
		{65ECB48A-1B2F-F4D6-C7E2-A67EBF2C764A}.Release|Any CPU.ActiveCfg = Release|Any CPU
		{65ECB48A-1B2F-F4D6-C7E2-A67EBF2C764A}.Release|Any CPU.Build.0 = Release|Any CPU
		{65ECB48A-1B2F-F4D6-C7E2-A67EBF2C764A}.Release|x64.ActiveCfg = Release|Any CPU
		{65ECB48A-1B2F-F4D6-C7E2-A67EBF2C764A}.Release|x64.Build.0 = Release|Any CPU
		{65ECB48A-1B2F-F4D6-C7E2-A67EBF2C764A}.Release|x86.ActiveCfg = Release|Any CPU
		{65ECB48A-1B2F-F4D6-C7E2-A67EBF2C764A}.Release|x86.Build.0 = Release|Any CPU
		{CDF11C00-C454-4C12-81AF-B84FF40C79F7}.Debug|Any CPU.ActiveCfg = Debug|Any CPU
		{CDF11C00-C454-4C12-81AF-B84FF40C79F7}.Debug|Any CPU.Build.0 = Debug|Any CPU
		{CDF11C00-C454-4C12-81AF-B84FF40C79F7}.Debug|x64.ActiveCfg = Debug|Any CPU
		{CDF11C00-C454-4C12-81AF-B84FF40C79F7}.Debug|x64.Build.0 = Debug|Any CPU
		{CDF11C00-C454-4C12-81AF-B84FF40C79F7}.Debug|x86.ActiveCfg = Debug|Any CPU
		{CDF11C00-C454-4C12-81AF-B84FF40C79F7}.Debug|x86.Build.0 = Debug|Any CPU
		{CDF11C00-C454-4C12-81AF-B84FF40C79F7}.Release|Any CPU.ActiveCfg = Release|Any CPU
		{CDF11C00-C454-4C12-81AF-B84FF40C79F7}.Release|Any CPU.Build.0 = Release|Any CPU
		{CDF11C00-C454-4C12-81AF-B84FF40C79F7}.Release|x64.ActiveCfg = Release|Any CPU
		{CDF11C00-C454-4C12-81AF-B84FF40C79F7}.Release|x64.Build.0 = Release|Any CPU
		{CDF11C00-C454-4C12-81AF-B84FF40C79F7}.Release|x86.ActiveCfg = Release|Any CPU
		{CDF11C00-C454-4C12-81AF-B84FF40C79F7}.Release|x86.Build.0 = Release|Any CPU
		{2D1D794E-1AE4-4262-A650-E8AE3028E2D1}.Debug|Any CPU.ActiveCfg = Debug|Any CPU
		{2D1D794E-1AE4-4262-A650-E8AE3028E2D1}.Debug|Any CPU.Build.0 = Debug|Any CPU
		{2D1D794E-1AE4-4262-A650-E8AE3028E2D1}.Debug|x64.ActiveCfg = Debug|Any CPU
		{2D1D794E-1AE4-4262-A650-E8AE3028E2D1}.Debug|x64.Build.0 = Debug|Any CPU
		{2D1D794E-1AE4-4262-A650-E8AE3028E2D1}.Debug|x86.ActiveCfg = Debug|Any CPU
		{2D1D794E-1AE4-4262-A650-E8AE3028E2D1}.Debug|x86.Build.0 = Debug|Any CPU
		{2D1D794E-1AE4-4262-A650-E8AE3028E2D1}.Release|Any CPU.ActiveCfg = Release|Any CPU
		{2D1D794E-1AE4-4262-A650-E8AE3028E2D1}.Release|Any CPU.Build.0 = Release|Any CPU
		{2D1D794E-1AE4-4262-A650-E8AE3028E2D1}.Release|x64.ActiveCfg = Release|Any CPU
		{2D1D794E-1AE4-4262-A650-E8AE3028E2D1}.Release|x64.Build.0 = Release|Any CPU
		{2D1D794E-1AE4-4262-A650-E8AE3028E2D1}.Release|x86.ActiveCfg = Release|Any CPU
		{2D1D794E-1AE4-4262-A650-E8AE3028E2D1}.Release|x86.Build.0 = Release|Any CPU
		{C2CD1008-4026-40D2-9C2A-068FEDAEECE2}.Debug|Any CPU.ActiveCfg = Debug|Any CPU
		{C2CD1008-4026-40D2-9C2A-068FEDAEECE2}.Debug|Any CPU.Build.0 = Debug|Any CPU
		{C2CD1008-4026-40D2-9C2A-068FEDAEECE2}.Debug|x64.ActiveCfg = Debug|Any CPU
		{C2CD1008-4026-40D2-9C2A-068FEDAEECE2}.Debug|x64.Build.0 = Debug|Any CPU
		{C2CD1008-4026-40D2-9C2A-068FEDAEECE2}.Debug|x86.ActiveCfg = Debug|Any CPU
		{C2CD1008-4026-40D2-9C2A-068FEDAEECE2}.Debug|x86.Build.0 = Debug|Any CPU
		{C2CD1008-4026-40D2-9C2A-068FEDAEECE2}.Release|Any CPU.ActiveCfg = Release|Any CPU
		{C2CD1008-4026-40D2-9C2A-068FEDAEECE2}.Release|Any CPU.Build.0 = Release|Any CPU
		{C2CD1008-4026-40D2-9C2A-068FEDAEECE2}.Release|x64.ActiveCfg = Release|Any CPU
		{C2CD1008-4026-40D2-9C2A-068FEDAEECE2}.Release|x64.Build.0 = Release|Any CPU
		{C2CD1008-4026-40D2-9C2A-068FEDAEECE2}.Release|x86.ActiveCfg = Release|Any CPU
		{C2CD1008-4026-40D2-9C2A-068FEDAEECE2}.Release|x86.Build.0 = Release|Any CPU
		{535C4425-0B88-4275-A4C5-F5BB1E676D11}.Debug|Any CPU.ActiveCfg = Debug|Any CPU
		{535C4425-0B88-4275-A4C5-F5BB1E676D11}.Debug|Any CPU.Build.0 = Debug|Any CPU
		{535C4425-0B88-4275-A4C5-F5BB1E676D11}.Debug|x64.ActiveCfg = Debug|Any CPU
		{535C4425-0B88-4275-A4C5-F5BB1E676D11}.Debug|x64.Build.0 = Debug|Any CPU
		{535C4425-0B88-4275-A4C5-F5BB1E676D11}.Debug|x86.ActiveCfg = Debug|Any CPU
		{535C4425-0B88-4275-A4C5-F5BB1E676D11}.Debug|x86.Build.0 = Debug|Any CPU
		{535C4425-0B88-4275-A4C5-F5BB1E676D11}.Release|Any CPU.ActiveCfg = Release|Any CPU
		{535C4425-0B88-4275-A4C5-F5BB1E676D11}.Release|Any CPU.Build.0 = Release|Any CPU
		{535C4425-0B88-4275-A4C5-F5BB1E676D11}.Release|x64.ActiveCfg = Release|Any CPU
		{535C4425-0B88-4275-A4C5-F5BB1E676D11}.Release|x64.Build.0 = Release|Any CPU
		{535C4425-0B88-4275-A4C5-F5BB1E676D11}.Release|x86.ActiveCfg = Release|Any CPU
		{535C4425-0B88-4275-A4C5-F5BB1E676D11}.Release|x86.Build.0 = Release|Any CPU
		{76EC41D8-1307-42D5-B8FC-EFBD945754A4}.Debug|Any CPU.ActiveCfg = Debug|Any CPU
		{76EC41D8-1307-42D5-B8FC-EFBD945754A4}.Debug|Any CPU.Build.0 = Debug|Any CPU
		{76EC41D8-1307-42D5-B8FC-EFBD945754A4}.Debug|x64.ActiveCfg = Debug|Any CPU
		{76EC41D8-1307-42D5-B8FC-EFBD945754A4}.Debug|x64.Build.0 = Debug|Any CPU
		{76EC41D8-1307-42D5-B8FC-EFBD945754A4}.Debug|x86.ActiveCfg = Debug|Any CPU
		{76EC41D8-1307-42D5-B8FC-EFBD945754A4}.Debug|x86.Build.0 = Debug|Any CPU
		{76EC41D8-1307-42D5-B8FC-EFBD945754A4}.Release|Any CPU.ActiveCfg = Release|Any CPU
		{76EC41D8-1307-42D5-B8FC-EFBD945754A4}.Release|Any CPU.Build.0 = Release|Any CPU
		{76EC41D8-1307-42D5-B8FC-EFBD945754A4}.Release|x64.ActiveCfg = Release|Any CPU
		{76EC41D8-1307-42D5-B8FC-EFBD945754A4}.Release|x64.Build.0 = Release|Any CPU
		{76EC41D8-1307-42D5-B8FC-EFBD945754A4}.Release|x86.ActiveCfg = Release|Any CPU
		{76EC41D8-1307-42D5-B8FC-EFBD945754A4}.Release|x86.Build.0 = Release|Any CPU
		{F4101F22-CCB9-4C6D-BA66-DA49D75C9D84}.Debug|Any CPU.ActiveCfg = Debug|Any CPU
		{F4101F22-CCB9-4C6D-BA66-DA49D75C9D84}.Debug|Any CPU.Build.0 = Debug|Any CPU
		{F4101F22-CCB9-4C6D-BA66-DA49D75C9D84}.Debug|x64.ActiveCfg = Debug|Any CPU
		{F4101F22-CCB9-4C6D-BA66-DA49D75C9D84}.Debug|x64.Build.0 = Debug|Any CPU
		{F4101F22-CCB9-4C6D-BA66-DA49D75C9D84}.Debug|x86.ActiveCfg = Debug|Any CPU
		{F4101F22-CCB9-4C6D-BA66-DA49D75C9D84}.Debug|x86.Build.0 = Debug|Any CPU
		{F4101F22-CCB9-4C6D-BA66-DA49D75C9D84}.Release|Any CPU.ActiveCfg = Release|Any CPU
		{F4101F22-CCB9-4C6D-BA66-DA49D75C9D84}.Release|Any CPU.Build.0 = Release|Any CPU
		{F4101F22-CCB9-4C6D-BA66-DA49D75C9D84}.Release|x64.ActiveCfg = Release|Any CPU
		{F4101F22-CCB9-4C6D-BA66-DA49D75C9D84}.Release|x64.Build.0 = Release|Any CPU
		{F4101F22-CCB9-4C6D-BA66-DA49D75C9D84}.Release|x86.ActiveCfg = Release|Any CPU
		{F4101F22-CCB9-4C6D-BA66-DA49D75C9D84}.Release|x86.Build.0 = Release|Any CPU
		{EEFBC508-EEE3-4946-9740-E6D3CA466906}.Debug|Any CPU.ActiveCfg = Debug|Any CPU
		{EEFBC508-EEE3-4946-9740-E6D3CA466906}.Debug|Any CPU.Build.0 = Debug|Any CPU
		{EEFBC508-EEE3-4946-9740-E6D3CA466906}.Debug|x64.ActiveCfg = Debug|Any CPU
		{EEFBC508-EEE3-4946-9740-E6D3CA466906}.Debug|x64.Build.0 = Debug|Any CPU
		{EEFBC508-EEE3-4946-9740-E6D3CA466906}.Debug|x86.ActiveCfg = Debug|Any CPU
		{EEFBC508-EEE3-4946-9740-E6D3CA466906}.Debug|x86.Build.0 = Debug|Any CPU
		{EEFBC508-EEE3-4946-9740-E6D3CA466906}.Release|Any CPU.ActiveCfg = Release|Any CPU
		{EEFBC508-EEE3-4946-9740-E6D3CA466906}.Release|Any CPU.Build.0 = Release|Any CPU
		{EEFBC508-EEE3-4946-9740-E6D3CA466906}.Release|x64.ActiveCfg = Release|Any CPU
		{EEFBC508-EEE3-4946-9740-E6D3CA466906}.Release|x64.Build.0 = Release|Any CPU
		{EEFBC508-EEE3-4946-9740-E6D3CA466906}.Release|x86.ActiveCfg = Release|Any CPU
		{EEFBC508-EEE3-4946-9740-E6D3CA466906}.Release|x86.Build.0 = Release|Any CPU
	EndGlobalSection
	GlobalSection(SolutionProperties) = preSolution
		HideSolutionNode = FALSE
	EndGlobalSection
	GlobalSection(NestedProjects) = preSolution
		{C2CD1008-4026-40D2-9C2A-068FEDAEECE2} = {827E0CD3-B72D-47B6-A68D-7590B98EB39B}
		{535C4425-0B88-4275-A4C5-F5BB1E676D11} = {827E0CD3-B72D-47B6-A68D-7590B98EB39B}
		{76EC41D8-1307-42D5-B8FC-EFBD945754A4} = {827E0CD3-B72D-47B6-A68D-7590B98EB39B}
		{F4101F22-CCB9-4C6D-BA66-DA49D75C9D84} = {827E0CD3-B72D-47B6-A68D-7590B98EB39B}
		{EEFBC508-EEE3-4946-9740-E6D3CA466906} = {827E0CD3-B72D-47B6-A68D-7590B98EB39B}
	EndGlobalSection
	GlobalSection(ExtensibilityGlobals) = postSolution
		SolutionGuid = {45A3FDB1-4078-455F-8168-6745DC9CA9B6}
	EndGlobalSection
EndGlobal
